
Microsoft Visual Studio Solution File, Format Version 12.00
# Visual Studio 15
VisualStudioVersion = 15.0.28307.960
MinimumVisualStudioVersion = 10.0.40219.1
Project("{8BC9CEB8-8B4A-11D0-8D11-00A0C91BC942}") = "conta_consonanti", "conta_consonanti.vcxproj", "{2DCEB667-C12D-4AE0-BED4-2D20475D3042}"
EndProject
Global
	GlobalSection(SolutionConfigurationPlatforms) = preSolution
		Debug|x64 = Debug|x64
		Debug|x86 = Debug|x86
		Release|x64 = Release|x64
		Release|x86 = Release|x86
	EndGlobalSection
	GlobalSection(ProjectConfigurationPlatforms) = postSolution
		{2DCEB667-C12D-4AE0-BED4-2D20475D3042}.Debug|x64.ActiveCfg = Debug|x64
		{2DCEB667-C12D-4AE0-BED4-2D20475D3042}.Debug|x64.Build.0 = Debug|x64
		{2DCEB667-C12D-4AE0-BED4-2D20475D3042}.Debug|x86.ActiveCfg = Debug|Win32
		{2DCEB667-C12D-4AE0-BED4-2D20475D3042}.Debug|x86.Build.0 = Debug|Win32
		{2DCEB667-C12D-4AE0-BED4-2D20475D3042}.Release|x64.ActiveCfg = Release|x64
		{2DCEB667-C12D-4AE0-BED4-2D20475D3042}.Release|x64.Build.0 = Release|x64
		{2DCEB667-C12D-4AE0-BED4-2D20475D3042}.Release|x86.ActiveCfg = Release|Win32
		{2DCEB667-C12D-4AE0-BED4-2D20475D3042}.Release|x86.Build.0 = Release|Win32
	EndGlobalSection
	GlobalSection(SolutionProperties) = preSolution
		HideSolutionNode = FALSE
	EndGlobalSection
	GlobalSection(ExtensibilityGlobals) = postSolution
		SolutionGuid = {CA21D34C-CF42-4929-BB6F-5481070217E0}
	EndGlobalSection
EndGlobal
